[[package]]
category = "main"
description = "Extensible memoizing collections and decorators"
name = "cachetools"
optional = false
python-versions = "*"
version = "3.1.1"

[[package]]
category = "main"
description = "Python package for providing Mozilla's CA Bundle."
name = "certifi"
optional = false
python-versions = "*"
version = "2019.6.16"

[[package]]
category = "main"
description = "Universal encoding detector for Python 2 and 3"
name = "chardet"
optional = false
python-versions = "*"
version = "3.0.4"

[[package]]
category = "main"
description = "Google API client core library"
name = "google-api-core"
optional = false
python-versions = ">=2.7,!=3.0.*,!=3.1.*,!=3.2.*,!=3.3.*"
version = "1.14.2"

[package.dependencies]
google-auth = ">=0.4.0,<2.0dev"
googleapis-common-protos = ">=1.6.0,<2.0dev"
protobuf = ">=3.4.0"
pytz = "*"
requests = ">=2.18.0,<3.0.0dev"
setuptools = ">=34.0.0"
six = ">=1.10.0"

[[package]]
category = "main"
description = "Google Authentication Library"
name = "google-auth"
optional = false
python-versions = ">=2.7,!=3.0.*,!=3.1.*,!=3.2.*,!=3.3.*"
version = "1.6.3"

[package.dependencies]
cachetools = ">=2.0.0"
pyasn1-modules = ">=0.2.1"
rsa = ">=3.1.4"
six = ">=1.9.0"

[[package]]
category = "main"
description = "Google Cloud API client core library"
name = "google-cloud-core"
optional = false
python-versions = ">=2.7,!=3.0.*,!=3.1.*,!=3.2.*,!=3.3.*"
version = "1.0.3"

[package.dependencies]
google-api-core = ">=1.14.0,<2.0.0dev"

[[package]]
category = "main"
description = "Stackdriver Error Reporting API client library"
name = "google-cloud-error-reporting"
optional = false
python-versions = ">=2.7,!=3.0.*,!=3.1.*,!=3.2.*,!=3.3.*"
version = "0.32.1"

[package.dependencies]
google-cloud-logging = ">=1.11.0,<2.0dev"

[[package]]
category = "main"
description = "Stackdriver Logging API client library"
name = "google-cloud-logging"
optional = false
python-versions = ">=2.7,!=3.0.*,!=3.1.*,!=3.2.*,!=3.3.*"
version = "1.12.1"

[package.dependencies]
google-api-core = ">=1.14.0,<2.0.0dev"
google-cloud-core = ">=1.0.0,<2.0dev"

[[package]]
category = "main"
description = "Common protobufs used in Google APIs"
name = "googleapis-common-protos"
optional = false
python-versions = "*"
version = "1.6.0"

[package.dependencies]
protobuf = ">=3.6.0"

[[package]]
category = "main"
description = "Internationalized Domain Names in Applications (IDNA)"
name = "idna"
optional = false
python-versions = ">=2.7, !=3.0.*, !=3.1.*, !=3.2.*, !=3.3.*"
version = "2.8"

[[package]]
category = "main"
description = "Protocol Buffers"
name = "protobuf"
optional = false
python-versions = "*"
version = "3.9.1"

[package.dependencies]
setuptools = "*"
six = ">=1.9"

[[package]]
category = "main"
description = "ASN.1 types and codecs"
name = "pyasn1"
optional = false
python-versions = "*"
version = "0.4.6"

[[package]]
category = "main"
description = "A collection of ASN.1-based protocols modules."
name = "pyasn1-modules"
optional = false
python-versions = "*"
version = "0.2.6"

[package.dependencies]
pyasn1 = ">=0.4.6,<0.5.0"

[[package]]
category = "main"
description = "Python driver for MongoDB <http://www.mongodb.org>"
name = "pymongo"
optional = false
python-versions = ">=2.7,!=3.0.*,!=3.1.*,!=3.2.*,!=3.3.*"
version = "3.9.0"

[[package]]
category = "main"
description = "World timezone definitions, modern and historical"
name = "pytz"
optional = false
python-versions = "*"
version = "2019.2"

[[package]]
category = "main"
description = "Python HTTP for Humans."
name = "requests"
optional = false
python-versions = ">=2.7, !=3.0.*, !=3.1.*, !=3.2.*, !=3.3.*, !=3.4.*"
version = "2.22.0"

[package.dependencies]
certifi = ">=2017.4.17"
chardet = ">=3.0.2,<3.1.0"
idna = ">=2.5,<2.9"
urllib3 = ">=1.21.1,<1.25.0 || >1.25.0,<1.25.1 || >1.25.1,<1.26"

[[package]]
category = "main"
description = "Pure-Python RSA implementation"
name = "rsa"
optional = false
python-versions = "*"
version = "4.0"

[package.dependencies]
pyasn1 = ">=0.1.3"

[[package]]
category = "main"
description = "Python 2 and 3 compatibility utilities"
name = "six"
optional = false
python-versions = ">=2.6, !=3.0.*, !=3.1.*"
version = "1.12.0"

[[package]]
category = "main"
description = "HTTP library with thread-safe connection pooling, file post, and more."
name = "urllib3"
optional = false
python-versions = ">=2.7, !=3.0.*, !=3.1.*, !=3.2.*, !=3.3.*, <4"
version = "1.25.3"

[[package]]
category = "main"
description = "# Voluptuous is a Python data validation library"
name = "voluptuous"
optional = false
python-versions = "*"
version = "0.11.7"

[metadata]
content-hash = "a28a4bd05a1b57f94e796d8525f11f8470c8372d7029ad431142a733716c76e1"
python-versions = "^3.7"

[metadata.hashes]
cachetools = ["428266a1c0d36dc5aca63a2d7c5942e88c2c898d72139fca0e97fdd2380517ae", "8ea2d3ce97850f31e4a08b0e2b5e6c34997d7216a9d2c98e0f3978630d4da69a"]
certifi = ["046832c04d4e752f37383b628bc601a7ea7211496b4638f6514d0e5b9acc4939", "945e3ba63a0b9f577b1395204e13c3a231f9bc0223888be653286534e5873695"]
chardet = ["84ab92ed1c4d4f16916e05906b6b75a6c0fb5db821cc65e70cbd64a3e2a5eaae", "fc323ffcaeaed0e0a02bf4d117757b98aed530d9ed4531e3e15460124c106691"]
google-api-core = ["2c23fbc81c76b941ffb71301bb975ed66a610e9b03f918feacd1ed59cf43a6ec", "b2b91107bcc3b981633c89602b46451f6474973089febab3ee51c49cb7ae6a1f"]
google-auth = ["0f7c6a64927d34c1a474da92cfc59e552a5d3b940d3266606c6a28b72888b9e4", "20705f6803fd2c4d1cc2dcb0df09d4dfcb9a7d51fd59e94a3a28231fd93119ed"]
google-cloud-core = ["0ee17abc74ff02176bee221d4896a00a3c202f3fb07125a7d814ccabd20d7eb5", "10750207c1a9ad6f6e082d91dbff3920443bdaf1c344a782730489a9efa802f1"]
google-cloud-error-reporting = ["13369232e4ae626e4032f52864b667de4294f2d282886204f57751c50fbead21", "852f4650a263c4ddcde8957708e3fef44a02c7ec55ddf24d18015ee27cbb70ce"]
google-cloud-logging = ["b6f9ec96ee8b6ebcdb8ed668203781e1ee154d96035cf2dce0328cbe2f8633b4", "c7cc02d029f8e66d194a3165ca0a33e2f4b93c1b062ed3261586e2e9dd5f62b0"]
googleapis-common-protos = ["e61b8ed5e36b976b487c6e7b15f31bb10c7a0ca7bd5c0e837f4afab64b53a0c6"]
idna = ["c357b3f628cf53ae2c4c05627ecc484553142ca23264e593d327bcde5e9c3407", "ea8b7f6188e6fa117537c3df7da9fc686d485087abf6ac197f9c46432f7e4a3c"]
protobuf = ["00a1b0b352dc7c809749526d1688a64b62ea400c5b05416f93cfb1b11a036295", "01acbca2d2c8c3f7f235f1842440adbe01bbc379fa1cbdd80753801432b3fae9", "0a795bca65987b62d6b8a2d934aa317fd1a4d06a6dd4df36312f5b0ade44a8d9", "0ec035114213b6d6e7713987a759d762dd94e9f82284515b3b7331f34bfaec7f", "31b18e1434b4907cb0113e7a372cd4d92c047ce7ba0fa7ea66a404d6388ed2c1", "32a3abf79b0bef073c70656e86d5bd68a28a1fbb138429912c4fc07b9d426b07", "55f85b7808766e5e3f526818f5e2aeb5ba2edcc45bcccede46a3ccc19b569cb0", "64ab9bc971989cbdd648c102a96253fdf0202b0c38f15bd34759a8707bdd5f64", "64cf847e843a465b6c1ba90fb6c7f7844d54dbe9eb731e86a60981d03f5b2e6e", "917c8662b585470e8fd42f052661fc66d59fccaae450a60044307dcbf82a3335", "afed9003d7f2be2c3df20f64220c30faec441073731511728a2cb4cab4cd46a6", "b883d7eb129b1b57c5128146bc7c2d1f15de457e96a549827fbee6f26eeedc46", "bf8e05d638b585d1752c5a84247134a0350d3a8b73d3632489a014a9f6f1e758", "d831b047bd69becaf64019a47179eb22118a50dd008340655266a906c69c6417", "de2760583ed28749ff885789c1cbc6c9c06d6de92fc825740ab99deb2f25ea4d", "eabc4cf1bc19689af8022ba52fd668564a8d96e0d08f3b4732d26a64255216a4", "fcff6086c86fb1628d94ea455c7b9de898afc50378042927a59df8065a79a549"]
pyasn1 = ["0c444a3482c5f5c7fab93567761324f77045ede002362171e12acdd400ea50e0", "27e919f274d96829d9c78455eacf6a2253c9fd44979e5f880b672b524161366d", "3bb81821d47b17146049e7574ab4bf1e315eb7aead30efe5d6a9ca422c9710be", "3f8b11ba9fde9aeb56882589896cf9c7c8f4d5630f5e83abec1d80d1ef37b28b", "40f307cb9e351bf54b5cf956a85e02a42d4f881dac79ce7d0b736acb2adab0e5", "54734028b18e1d625a788d9846479ce088f10015db9ffb1abdd406d82b68b600", "5616c045d1eb934fecc0162bc2b9bd2c8935d4a3c4642c3ccd96fb1528b1f218", "5eb6dbc1191dc8a18da9d3ee4c3133909e3cfd0967d434dee958e737c1ca0bb7", "72f5f934852f4722e769ec9a4dd20d6fa206a78186bab2aadf27753a222892f6", "86ddc0f9a9062f111e70de780c5eb6d5d726f44809fafaa0af7a534ed66fc7c1", "b17f6696f920dc712a4dc5c711b1abd623d80531910e1455c70a6cb85ffb6332", "b773d5c9196ffbc3a1e13bdf909d446cad80a039aa3340bcad72f395b76ebc86", "f8dda822e63df09237acd8f88940c68c1964076e5d9a906cbf385d71ec1a4006"]
pyasn1-modules = ["256c234d85baf315f0e99786d812e68b816e4ee4b35bac982689198ff3df5a61", "3b350a01813f4878f4ebb3e7348d3753556b120145460a810e3121fe78925923", "43c17a83c155229839cc5c6b868e8d0c6041dba149789b6d6e28801c64821722", "525edd202cadbb014587e6e8a82a86424d4c92340222000b300cfd4041625f5a", "5965cb606a914b1b086f6ffdb9e526b5ec21cea81ba0bb75f3b807d5500dda1a", "75819dd99d1be4effd1322859ec8ac3fa7c7503fec0acbce6985b2aae41aa838", "a00100a99dcc71a97b2291fcac868a39f32a72cc54d86a4e5504b34b2f5f8584", "a480489471e67c579f49057a10879cc9a787b64a84af00ed2ed3f68a652b0197", "b3899b59d6c6b4e91e9c5278ec49c0adb971349ef9c3531ae67149e3bb0b272b", "b5e0ab3dc16f42ef0c2e5ebf51db9f1e1aa734a68a4d26a2b475a289182b697f", "bf68431a9043b35aa0a18b865ecbb19ec19f8354488ea0b3b5d9ec33cb4c2be5", "e30199a9d221f1b26c885ff3d87fd08694dbbe18ed0e8e405a2a7126d30ce4c0", "ee0eb28ad9e9c0237954b4ca4c8a91cc2e98476c1dc9a1422310332518b0dd82"]
pymongo = ["09f8196e1cb081713aa3face08d1806dc0a5dd64cb9f67fefc568519253a7ff2", "1be549c0ce2ba8242c149156ae2064b12a5d4704448d49f630b4910606efd474", "1f9fe869e289210250cba4ea20fbd169905b1793e1cd2737f423e107061afa98", "3653cea82d1e35edd0a2355150daf8a27ebf12cf55182d5ad1046bfa288f5140", "4249c6ba45587b959292a727532826c5032d59171f923f7f823788f413c2a5a3", "4ff8f5e7c0a78983c1ee07894fff1b21c0e0ad3a122d9786cc3745fd60e4a2ce", "56b29c638ab924716b48a3e94e3d7ac00b04acec1daa8190c36d61fc714c3629", "56ec9358bbfe5ae3b25e785f8a14619d6799c855a44734c9098bb457174019bf", "5b59bbde4eb417f3f9379f7b1a9de3669894f2bae9de933a836e2bffea2bbfa1", "5dca250cbf1183c3e7b7b18c882c2b2199bfb20c74c4c68dbf11596808a296da", "61101d1cc92881fac1f9ac7e99b033062f4c210178dc33193c8f5567feecb069", "7b4aea184e4868ebd4f9f786ffee14a1121bda5436ad04f6bcbacfa2147f8386", "86624c0205a403fb4fbfedef79c5b4ab27e21fd018fdb6a27cf03b3c32a9e2b9", "88ac09e1b197c3b4531e43054d49c022a3ea1281431b2f4980abafa35d2a5ce2", "8b0339809b12ea292d468524dd1777f1a9637d9bdc0353a9261b88f82537d606", "93dbf7388f6bf9af48dbb32f265b75b3dbc743a7a2ce98e44c88c049c58d85d3", "9b705daec636c560dd2d63935f428a6b3cddfe903fffc0f349e0e91007c893d6", "a090a819fe6fefadc2901d3911c07c76c0935ec5c790a50e9f3c3c47bacd5978", "a102b346f1921237eaa9a31ee89eda57ad3c3973d79be3a456d92524e7df8fec", "a13363869f2f36291d6367069c65d51d7b8d1b2fb410266b0b6b1f3c90d6deb0", "a409a43c76da50881b70cc9ee70a1744f882848e8e93a68fb434254379777fa3", "a76475834a978058425b0163f1bad35a5f70e45929a543075633c3fc1df564c5", "ad474e93525baa6c58d75d63a73143af24c9f93c8e26e8d382f32c4da637901a", "b268c7fa03ac77a8662fab3b2ab0be4beecb82f60f4c24b584e69565691a107f", "b67ec339b180acdbebcd03807ae4b1764a43e7069340fe860a60ac310b9d38be", "cca4e1ab5ba0cd7877d3938167ee8ae9c2986cc0e10d3dcc3243d664d3a83fec", "cef61de3f0f4441ec40266ff2ab42e5c16eaba1dc1fc6e1036f274621c52adc1", "e28153b5d5ca33d4ba0c3bbc0e1ff161b9016e5e5f3f8ca10d6fa49106eb9e04", "f30d7b37804daf0bab1143abc71666c630d7e270f5c14c5a7c300a6699c21108", "f70f0133301cccf9bfd68fd20f67184ef991be578b646e78441106f9e27cc44d", "fa75c21c1d82f20cce62f6fc4a68c2b0f33572ab406df1b17cd77a947d0b2993"]
pytz = ["26c0b32e437e54a18161324a2fca3c4b9846b74a8dccddd843113109e1116b32", "c894d57500a4cd2d5c71114aaab77dbab5eabd9022308ce5ac9bb93a60a6f0c7"]
requests = ["11e007a8a2aa0323f5a921e9e6a2d7e4e67d9877e85773fba9ba6419025cbeb4", "9cf5292fcd0f598c671cfc1e0d7d1a7f13bb8085e9a590f48c010551dc6c4b31"]
rsa = ["14ba45700ff1ec9eeb206a2ce76b32814958a98e372006c8fb76ba820211be66", "1a836406405730121ae9823e19c6e806c62bbad73f890574fff50efa4122c487"]
six = ["3350809f0555b11f552448330d0b52d5f24c91a322ea4a15ef22629740f3761c", "d16a0141ec1a18405cd4ce8b4613101da75da0e9a7aec5bdd4fa804d0e0eba73"]
urllib3 = ["b246607a25ac80bedac05c6f282e3cdaf3afb65420fd024ac94435cabe6e18d1", "dbe59173209418ae49d485b87d1681aefa36252ee85884c31346debd19463232"]
voluptuous = ["2abc341dbc740c5e2302c7f9b8e2e243194fb4772585b991931cb5b22e9bf456"]
